
Microsoft Visual Studio Solution File, Format Version 12.00
# Visual Studio 2015
Project("{FAE04EC0-301F-11D3-BF4B-00C04F79EFBC}") = "ras.Plugins", "ras.Plugins.csproj", "{E4AEFD41-5CF1-373C-3602-CB90B74699E5}"
EndProject
Project("{FAE04EC0-301F-11D3-BF4B-00C04F79EFBC}") = "ras", "ras.csproj", "{F8ED771C-8B9C-69AC-DB41-83A12F2214C4}"
EndProject
Project("{FAE04EC0-301F-11D3-BF4B-00C04F79EFBC}") = "ras.Editor.Plugins", "ras.Editor.Plugins.csproj", "{6A66CC45-F12F-DF68-5A94-C6D22BB42E9A}"
EndProject
Global
	GlobalSection(SolutionConfigurationPlatforms) = preSolution
		Debug|Any CPU = Debug|Any CPU
		Release|Any CPU = Release|Any CPU
	EndGlobalSection
	GlobalSection(ProjectConfigurationPlatforms) = postSolution
		{E4AEFD41-5CF1-373C-3602-CB90B74699E5}.Debug|Any CPU.ActiveCfg = Debug|Any CPU
		{E4AEFD41-5CF1-373C-3602-CB90B74699E5}.Debug|Any CPU.Build.0 = Debug|Any CPU
		{E4AEFD41-5CF1-373C-3602-CB90B74699E5}.Release|Any CPU.ActiveCfg = Release|Any CPU
		{E4AEFD41-5CF1-373C-3602-CB90B74699E5}.Release|Any CPU.Build.0 = Release|Any CPU
		{F8ED771C-8B9C-69AC-DB41-83A12F2214C4}.Debug|Any CPU.ActiveCfg = Debug|Any CPU
		{F8ED771C-8B9C-69AC-DB41-83A12F2214C4}.Debug|Any CPU.Build.0 = Debug|Any CPU
		{F8ED771C-8B9C-69AC-DB41-83A12F2214C4}.Release|Any CPU.ActiveCfg = Release|Any CPU
		{F8ED771C-8B9C-69AC-DB41-83A12F2214C4}.Release|Any CPU.Build.0 = Release|Any CPU
		{6A66CC45-F12F-DF68-5A94-C6D22BB42E9A}.Debug|Any CPU.ActiveCfg = Debug|Any CPU
		{6A66CC45-F12F-DF68-5A94-C6D22BB42E9A}.Debug|Any CPU.Build.0 = Debug|Any CPU
		{6A66CC45-F12F-DF68-5A94-C6D22BB42E9A}.Release|Any CPU.ActiveCfg = Release|Any CPU
		{6A66CC45-F12F-DF68-5A94-C6D22BB42E9A}.Release|Any CPU.Build.0 = Release|Any CPU
	EndGlobalSection
	GlobalSection(SolutionProperties) = preSolution
		HideSolutionNode = FALSE
	EndGlobalSection
EndGlobal
